
Microsoft Visual Studio Solution File, Format Version 12.00
# Visual Studio Version 16
VisualStudioVersion = 16.0.33130.400
MinimumVisualStudioVersion = 10.0.40219.1
Project("{FAE04EC0-301F-11D3-BF4B-00C04F79EFBC}") = "WebBooks", "WebBooks\WebBooks.csproj", "{905BBE9E-8965-457D-9879-BF1E874DA83B}"
EndProject
Project("{FAE04EC0-301F-11D3-BF4B-00C04F79EFBC}") = "Domain", "Domain\Domain.csproj", "{50ADDF1B-6EDA-4971-AC41-8500CF543B96}"
EndProject
Project("{FAE04EC0-301F-11D3-BF4B-00C04F79EFBC}") = "Infrastructure", "Infrastructure\Infrastructure.csproj", "{9289E3A0-9615-4D0D-9436-E1E56C42BA7D}"
EndProject
Global
	GlobalSection(SolutionConfigurationPlatforms) = preSolution
		Debug|Any CPU = Debug|Any CPU
		Release|Any CPU = Release|Any CPU
	EndGlobalSection
	GlobalSection(ProjectConfigurationPlatforms) = postSolution
		{905BBE9E-8965-457D-9879-BF1E874DA83B}.Debug|Any CPU.ActiveCfg = Debug|Any CPU
		{905BBE9E-8965-457D-9879-BF1E874DA83B}.Debug|Any CPU.Build.0 = Debug|Any CPU
		{905BBE9E-8965-457D-9879-BF1E874DA83B}.Release|Any CPU.ActiveCfg = Release|Any CPU
		{905BBE9E-8965-457D-9879-BF1E874DA83B}.Release|Any CPU.Build.0 = Release|Any CPU
		{50ADDF1B-6EDA-4971-AC41-8500CF543B96}.Debug|Any CPU.ActiveCfg = Debug|Any CPU
		{50ADDF1B-6EDA-4971-AC41-8500CF543B96}.Debug|Any CPU.Build.0 = Debug|Any CPU
		{50ADDF1B-6EDA-4971-AC41-8500CF543B96}.Release|Any CPU.ActiveCfg = Release|Any CPU
		{50ADDF1B-6EDA-4971-AC41-8500CF543B96}.Release|Any CPU.Build.0 = Release|Any CPU
		{9289E3A0-9615-4D0D-9436-E1E56C42BA7D}.Debug|Any CPU.ActiveCfg = Debug|Any CPU
		{9289E3A0-9615-4D0D-9436-E1E56C42BA7D}.Debug|Any CPU.Build.0 = Debug|Any CPU
		{9289E3A0-9615-4D0D-9436-E1E56C42BA7D}.Release|Any CPU.ActiveCfg = Release|Any CPU
		{9289E3A0-9615-4D0D-9436-E1E56C42BA7D}.Release|Any CPU.Build.0 = Release|Any CPU
	EndGlobalSection
	GlobalSection(SolutionProperties) = preSolution
		HideSolutionNode = FALSE
	EndGlobalSection
	GlobalSection(ExtensibilityGlobals) = postSolution
		SolutionGuid = {A1C87C51-FB62-4E38-B372-C354625DC382}
	EndGlobalSection
EndGlobal
